
Microsoft Visual Studio Solution File, Format Version 12.00
# Visual Studio Version 17
VisualStudioVersion = 17.0.31903.59
MinimumVisualStudioVersion = 10.0.40219.1
Project("{FAE04EC0-301F-11D3-BF4B-00C04F79EFBC}") = "Driftwood.Core", "src\Driftwood.Core\Driftwood.Core.csproj", "{D6128E96-851E-462D-8E82-842E6CBE6E61}"
EndProject
Project("{FAE04EC0-301F-11D3-BF4B-00C04F79EFBC}") = "Driftwood.Client", "src\Driftwood.Client\Driftwood.Client.csproj", "{745B40D1-FD66-47DF-9861-B58CC0CEBF73}"
EndProject
Project("{FAE04EC0-301F-11D3-BF4B-00C04F79EFBC}") = "IconForge", "tools\IconForge\IconForge.csproj", "{F30D1078-238B-4534-A90E-4FFB14B08BEC}"
EndProject
Global
	GlobalSection(SolutionConfigurationPlatforms) = preSolution
		Debug|Any CPU = Debug|Any CPU
		Debug|x64 = Debug|x64
		Debug|x86 = Debug|x86
		Release|Any CPU = Release|Any CPU
		Release|x64 = Release|x64
		Release|x86 = Release|x86
	EndGlobalSection
	GlobalSection(ProjectConfigurationPlatforms) = postSolution
		{D6128E96-851E-462D-8E82-842E6CBE6E61}.Debug|Any CPU.ActiveCfg = Debug|Any CPU
		{D6128E96-851E-462D-8E82-842E6CBE6E61}.Debug|Any CPU.Build.0 = Debug|Any CPU
		{D6128E96-851E-462D-8E82-842E6CBE6E61}.Debug|x64.ActiveCfg = Debug|Any CPU
		{D6128E96-851E-462D-8E82-842E6CBE6E61}.Debug|x64.Build.0 = Debug|Any CPU
		{D6128E96-851E-462D-8E82-842E6CBE6E61}.Debug|x86.ActiveCfg = Debug|Any CPU
		{D6128E96-851E-462D-8E82-842E6CBE6E61}.Debug|x86.Build.0 = Debug|Any CPU
		{D6128E96-851E-462D-8E82-842E6CBE6E61}.Release|Any CPU.ActiveCfg = Release|Any CPU
		{D6128E96-851E-462D-8E82-842E6CBE6E61}.Release|Any CPU.Build.0 = Release|Any CPU
		{D6128E96-851E-462D-8E82-842E6CBE6E61}.Release|x64.ActiveCfg = Release|Any CPU
		{D6128E96-851E-462D-8E82-842E6CBE6E61}.Release|x64.Build.0 = Release|Any CPU
		{D6128E96-851E-462D-8E82-842E6CBE6E61}.Release|x86.ActiveCfg = Release|Any CPU
		{D6128E96-851E-462D-8E82-842E6CBE6E61}.Release|x86.Build.0 = Release|Any CPU
		{745B40D1-FD66-47DF-9861-B58CC0CEBF73}.Debug|Any CPU.ActiveCfg = Debug|Any CPU
		{745B40D1-FD66-47DF-9861-B58CC0CEBF73}.Debug|Any CPU.Build.0 = Debug|Any CPU
		{745B40D1-FD66-47DF-9861-B58CC0CEBF73}.Debug|x64.ActiveCfg = Debug|Any CPU
		{745B40D1-FD66-47DF-9861-B58CC0CEBF73}.Debug|x64.Build.0 = Debug|Any CPU
		{745B40D1-FD66-47DF-9861-B58CC0CEBF73}.Debug|x86.ActiveCfg = Debug|Any CPU
		{745B40D1-FD66-47DF-9861-B58CC0CEBF73}.Debug|x86.Build.0 = Debug|Any CPU
		{745B40D1-FD66-47DF-9861-B58CC0CEBF73}.Release|Any CPU.ActiveCfg = Release|Any CPU
		{745B40D1-FD66-47DF-9861-B58CC0CEBF73}.Release|Any CPU.Build.0 = Release|Any CPU
		{745B40D1-FD66-47DF-9861-B58CC0CEBF73}.Release|x64.ActiveCfg = Release|Any CPU
		{745B40D1-FD66-47DF-9861-B58CC0CEBF73}.Release|x64.Build.0 = Release|Any CPU
		{745B40D1-FD66-47DF-9861-B58CC0CEBF73}.Release|x86.ActiveCfg = Release|Any CPU
		{745B40D1-FD66-47DF-9861-B58CC0CEBF73}.Release|x86.Build.0 = Release|Any CPU
		{F30D1078-238B-4534-A90E-4FFB14B08BEC}.Debug|Any CPU.ActiveCfg = Debug|Any CPU
		{F30D1078-238B-4534-A90E-4FFB14B08BEC}.Debug|Any CPU.Build.0 = Debug|Any CPU
		{F30D1078-238B-4534-A90E-4FFB14B08BEC}.Debug|x64.ActiveCfg = Debug|Any CPU
		{F30D1078-238B-4534-A90E-4FFB14B08BEC}.Debug|x64.Build.0 = Debug|Any CPU
		{F30D1078-238B-4534-A90E-4FFB14B08BEC}.Debug|x86.ActiveCfg = Debug|Any CPU
		{F30D1078-238B-4534-A90E-4FFB14B08BEC}.Debug|x86.Build.0 = Debug|Any CPU
		{F30D1078-238B-4534-A90E-4FFB14B08BEC}.Release|Any CPU.ActiveCfg = Release|Any CPU
		{F30D1078-238B-4534-A90E-4FFB14B08BEC}.Release|Any CPU.Build.0 = Release|Any CPU
		{F30D1078-238B-4534-A90E-4FFB14B08BEC}.Release|x64.ActiveCfg = Release|Any CPU
		{F30D1078-238B-4534-A90E-4FFB14B08BEC}.Release|x64.Build.0 = Release|Any CPU
		{F30D1078-238B-4534-A90E-4FFB14B08BEC}.Release|x86.ActiveCfg = Release|Any CPU
		{F30D1078-238B-4534-A90E-4FFB14B08BEC}.Release|x86.Build.0 = Release|Any CPU
	EndGlobalSection
	GlobalSection(SolutionProperties) = preSolution
		HideSolutionNode = FALSE
	EndGlobalSection
EndGlobal
